
Microsoft Visual Studio Solution File, Format Version 12.00
# Visual Studio Version 16
VisualStudioVersion = 16.0.29123.88
MinimumVisualStudioVersion = 10.0.40219.1
Project("{FAE04EC0-301F-11D3-BF4B-00C04F79EFBC}") = "CrochetApp", "CrochetApp.csproj", "{B952A755-936D-42A3-8D3D-AB5FF7304476}"
EndProject
Global
	GlobalSection(SolutionConfigurationPlatforms) = preSolution
		Debug|Any CPU = Debug|Any CPU
		Release|Any CPU = Release|Any CPU
	EndGlobalSection
	GlobalSection(ProjectConfigurationPlatforms) = postSolution
		{B952A755-936D-42A3-8D3D-AB5FF7304476}.Debug|Any CPU.ActiveCfg = Debug|Any CPU
		{B952A755-936D-42A3-8D3D-AB5FF7304476}.Debug|Any CPU.Build.0 = Debug|Any CPU
		{B952A755-936D-42A3-8D3D-AB5FF7304476}.Release|Any CPU.ActiveCfg = Release|Any CPU
		{B952A755-936D-42A3-8D3D-AB5FF7304476}.Release|Any CPU.Build.0 = Release|Any CPU
	EndGlobalSection
	GlobalSection(SolutionProperties) = preSolution
		HideSolutionNode = FALSE
	EndGlobalSection
	GlobalSection(ExtensibilityGlobals) = postSolution
		SolutionGuid = {BB371875-3D8A-4E12-A56D-E80F20F1D5A8}
	EndGlobalSection
EndGlobal
